
Microsoft Visual Studio Solution File, Format Version 12.00
# Visual Studio Version 17
VisualStudioVersion = 17.11.35327.3
MinimumVisualStudioVersion = 10.0.40219.1
Project("{9A19103F-16F7-4668-BE54-9A1E7A4F7556}") = "WpfApp1", "WpfApp1\WpfApp1.csproj", "{0D22A307-9654-4FF5-B1FF-CEAA3AFEAFDD}"
EndProject
Project("{2150E333-8FDC-42A3-9474-1A3956D46DE8}") = "Элементы решения", "Элементы решения", "{F3892F5C-8050-436A-B288-7457E9BAEF60}"
EndProject
Global
	GlobalSection(SolutionConfigurationPlatforms) = preSolution
		Debug|Any CPU = Debug|Any CPU
		Release|Any CPU = Release|Any CPU
	EndGlobalSection
	GlobalSection(ProjectConfigurationPlatforms) = postSolution
		{0D22A307-9654-4FF5-B1FF-CEAA3AFEAFDD}.Debug|Any CPU.ActiveCfg = Debug|Any CPU
		{0D22A307-9654-4FF5-B1FF-CEAA3AFEAFDD}.Debug|Any CPU.Build.0 = Debug|Any CPU
		{0D22A307-9654-4FF5-B1FF-CEAA3AFEAFDD}.Release|Any CPU.ActiveCfg = Release|Any CPU
		{0D22A307-9654-4FF5-B1FF-CEAA3AFEAFDD}.Release|Any CPU.Build.0 = Release|Any CPU
	EndGlobalSection
	GlobalSection(SolutionProperties) = preSolution
		HideSolutionNode = FALSE
	EndGlobalSection
	GlobalSection(ExtensibilityGlobals) = postSolution
		SolutionGuid = {8E80E1C8-FEC1-4B3C-87DF-CEE13D6E62D8}
	EndGlobalSection
EndGlobal
